// !$*UTF8*$!
{
	archiveVersion = 1;
	classes = {
	};
	objectVersion = 46;
	objects = {

/* Begin PBXBuildFile section */
		583B2CEE1ABF377700311800 /* ACNavigationController.m in Sources */ = {isa = PBXBuildFile; fileRef = 583B2CED1ABF377700311800 /* ACNavigationController.m */; };
		583B2CF11ABFFFBE00311800 /* UIColor+ACColor.m in Sources */ = {isa = PBXBuildFile; fileRef = 583B2CF01ABFFFBE00311800 /* UIColor+ACColor.m */; };
		583B2CF61AC007A700311800 /* NSString+FontIcon.m in Sources */ = {isa = PBXBuildFile; fileRef = 583B2CF51AC007A700311800 /* NSString+FontIcon.m */; };
		583B2CF91AC007C600311800 /* UIButton+ACButton.m in Sources */ = {isa = PBXBuildFile; fileRef = 583B2CF81AC007C600311800 /* UIButton+ACButton.m */; };
		583B2CFC1AC0116E00311800 /* UILabel+ACLabel.m in Sources */ = {isa = PBXBuildFile; fileRef = 583B2CFB1AC0116E00311800 /* UILabel+ACLabel.m */; };
		583B2CFD1AC019D300311800 /* anna.ttf in Resources */ = {isa = PBXBuildFile; fileRef = 58F1AE8A1A5D47A400B3FB3A /* anna.ttf */; };
		583B2D081AC040B200311800 /* OpenSans-Bold.ttf in Resources */ = {isa = PBXBuildFile; fileRef = 583B2CFE1AC040B200311800 /* OpenSans-Bold.ttf */; };
		583B2D091AC040B200311800 /* OpenSans-BoldItalic.ttf in Resources */ = {isa = PBXBuildFile; fileRef = 583B2CFF1AC040B200311800 /* OpenSans-BoldItalic.ttf */; };
		583B2D0A1AC040B200311800 /* OpenSans-ExtraBold.ttf in Resources */ = {isa = PBXBuildFile; fileRef = 583B2D001AC040B200311800 /* OpenSans-ExtraBold.ttf */; };
		583B2D0B1AC040B200311800 /* OpenSans-ExtraBoldItalic.ttf in Resources */ = {isa = PBXBuildFile; fileRef = 583B2D011AC040B200311800 /* OpenSans-ExtraBoldItalic.ttf */; };
		583B2D0C1AC040B200311800 /* OpenSans-Italic.ttf in Resources */ = {isa = PBXBuildFile; fileRef = 583B2D021AC040B200311800 /* OpenSans-Italic.ttf */; };
		583B2D0D1AC040B200311800 /* OpenSans-Light.ttf in Resources */ = {isa = PBXBuildFile; fileRef = 583B2D031AC040B200311800 /* OpenSans-Light.ttf */; };
		583B2D0E1AC040B200311800 /* OpenSans-LightItalic.ttf in Resources */ = {isa = PBXBuildFile; fileRef = 583B2D041AC040B200311800 /* OpenSans-LightItalic.ttf */; };
		583B2D0F1AC040B200311800 /* OpenSans-Regular.ttf in Resources */ = {isa = PBXBuildFile; fileRef = 583B2D051AC040B200311800 /* OpenSans-Regular.ttf */; };
		583B2D101AC040B200311800 /* OpenSans-Semibold.ttf in Resources */ = {isa = PBXBuildFile; fileRef = 583B2D061AC040B200311800 /* OpenSans-Semibold.ttf */; };
		583B2D111AC040B200311800 /* OpenSans-SemiboldItalic.ttf in Resources */ = {isa = PBXBuildFile; fileRef = 583B2D071AC040B200311800 /* OpenSans-SemiboldItalic.ttf */; };
		583B2D131AC051BA00311800 /* CoreData.framework in Frameworks */ = {isa = PBXBuildFile; fileRef = 583B2D121AC051BA00311800 /* CoreData.framework */; };
		583B2D161AC0528D00311800 /* Anna.xcdatamodeld in Sources */ = {isa = PBXBuildFile; fileRef = 583B2D141AC0528D00311800 /* Anna.xcdatamodeld */; };
		583B2D191AC094D400311800 /* ProjectController.m in Sources */ = {isa = PBXBuildFile; fileRef = 583B2D181AC094D400311800 /* ProjectController.m */; };
		583B2D1D1AC095F900311800 /* Environment.m in Sources */ = {isa = PBXBuildFile; fileRef = 583B2D1C1AC095F900311800 /* Environment.m */; };
		583B2D201AC0A54B00311800 /* Slider.m in Sources */ = {isa = PBXBuildFile; fileRef = 583B2D1F1AC0A54B00311800 /* Slider.m */; };
		583B2D231AC0A54B00311800 /* Project.m in Sources */ = {isa = PBXBuildFile; fileRef = 583B2D221AC0A54B00311800 /* Project.m */; };
		583B2D261AC0A54B00311800 /* MessageCode.m in Sources */ = {isa = PBXBuildFile; fileRef = 583B2D251AC0A54B00311800 /* MessageCode.m */; };
		583B2D291AC0A54C00311800 /* Caption.m in Sources */ = {isa = PBXBuildFile; fileRef = 583B2D281AC0A54C00311800 /* Caption.m */; };
		583B2D2C1AC0A54C00311800 /* Image.m in Sources */ = {isa = PBXBuildFile; fileRef = 583B2D2B1AC0A54C00311800 /* Image.m */; };
		583B2D2F1AC0A54C00311800 /* Video.m in Sources */ = {isa = PBXBuildFile; fileRef = 583B2D2E1AC0A54C00311800 /* Video.m */; };
		583B2D321AC1972100311800 /* NSString+MessageCode.m in Sources */ = {isa = PBXBuildFile; fileRef = 583B2D311AC1972100311800 /* NSString+MessageCode.m */; };
		583B2D351AC2096A00311800 /* ImageController.m in Sources */ = {isa = PBXBuildFile; fileRef = 583B2D341AC2096A00311800 /* ImageController.m */; };
		5867A5231AC2B559009E5439 /* LaunchScreen.xib in Resources */ = {isa = PBXBuildFile; fileRef = 5867A5221AC2B559009E5439 /* LaunchScreen.xib */; };
		586A6C361A5EA07300744871 /* ListViewController.m in Sources */ = {isa = PBXBuildFile; fileRef = 586A6C351A5EA07300744871 /* ListViewController.m */; };
		586A6C391A5EDA1000744871 /* ProjectTableViewCell.m in Sources */ = {isa = PBXBuildFile; fileRef = 586A6C381A5EDA1000744871 /* ProjectTableViewCell.m */; };
		588E84451A5C9B3700A8347D /* NSString+Encoded.m in Sources */ = {isa = PBXBuildFile; fileRef = 588E84441A5C9B3700A8347D /* NSString+Encoded.m */; };
		58D1E1901A44448C00C5116A /* UIView+Autolayout.m in Sources */ = {isa = PBXBuildFile; fileRef = 58D1E18F1A44448C00C5116A /* UIView+Autolayout.m */; };
		58E5AF8B1A405DEA00B1703A /* main.m in Sources */ = {isa = PBXBuildFile; fileRef = 58E5AF8A1A405DEA00B1703A /* main.m */; };
		58E5AF8E1A405DEA00B1703A /* AppDelegate.m in Sources */ = {isa = PBXBuildFile; fileRef = 58E5AF8D1A405DEA00B1703A /* AppDelegate.m */; };
		58E5AF961A405DEA00B1703A /* Images.xcassets in Resources */ = {isa = PBXBuildFile; fileRef = 58E5AF951A405DEA00B1703A /* Images.xcassets */; };
		58E5AFA51A405DEB00B1703A /* Anna_ChristofferTests.m in Sources */ = {isa = PBXBuildFile; fileRef = 58E5AFA41A405DEB00B1703A /* Anna_ChristofferTests.m */; };
		58E5AFB71A4060B400B1703A /* DetailViewController.m in Sources */ = {isa = PBXBuildFile; fileRef = 58E5AFB61A4060B400B1703A /* DetailViewController.m */; };
		58E5AFD21A42C84E00B1703A /* Default-568h@2x.png in Resources */ = {isa = PBXBuildFile; fileRef = 58E5AFD11A42C84E00B1703A /* Default-568h@2x.png */; };
		58E5AFD41A42C8AF00B1703A /* Default@2x.png in Resources */ = {isa = PBXBuildFile; fileRef = 58E5AFD31A42C8AF00B1703A /* Default@2x.png */; };
		58E5AFDA1A4305FA00B1703A /* TitleLabel.m in Sources */ = {isa = PBXBuildFile; fileRef = 58E5AFD91A4305FA00B1703A /* TitleLabel.m */; };
		58E5AFDD1A431B5200B1703A /* AbstractViewController.m in Sources */ = {isa = PBXBuildFile; fileRef = 58E5AFDC1A431B5200B1703A /* AbstractViewController.m */; };
		58E5AFEE1A434A2B00B1703A /* FigCaptionView.m in Sources */ = {isa = PBXBuildFile; fileRef = 58E5AFED1A434A2B00B1703A /* FigCaptionView.m */; };
/* End PBXBuildFile section */

/* Begin PBXContainerItemProxy section */
		58E5AF9F1A405DEB00B1703A /* PBXContainerItemProxy */ = {
			isa = PBXContainerItemProxy;
			containerPortal = 58E5AF7D1A405DEA00B1703A /* Project object */;
			proxyType = 1;
			remoteGlobalIDString = 58E5AF841A405DEA00B1703A;
			remoteInfo = "Anna Christoffer";
		};
/* End PBXContainerItemProxy section */

/* Begin PBXFileReference section */
		583B2CEC1ABF377700311800 /* ACNavigationController.h */ = {isa = PBXFileReference; fileEncoding = 4; lastKnownFileType = sourcecode.c.h; name = ACNavigationController.h; path = ../ACNavigationController.h; sourceTree = "<group>"; };
		583B2CED1ABF377700311800 /* ACNavigationController.m */ = {isa = PBXFileReference; fileEncoding = 4; lastKnownFileType = sourcecode.c.objc; name = ACNavigationController.m; path = ../ACNavigationController.m; sourceTree = "<group>"; };
		583B2CEF1ABFFFBE00311800 /* UIColor+ACColor.h */ = {isa = PBXFileReference; fileEncoding = 4; lastKnownFileType = sourcecode.c.h; path = "UIColor+ACColor.h"; sourceTree = "<group>"; };
		583B2CF01ABFFFBE00311800 /* UIColor+ACColor.m */ = {isa = PBXFileReference; fileEncoding = 4; lastKnownFileType = sourcecode.c.objc; path = "UIColor+ACColor.m"; sourceTree = "<group>"; };
		583B2CF41AC007A700311800 /* NSString+FontIcon.h */ = {isa = PBXFileReference; fileEncoding = 4; lastKnownFileType = sourcecode.c.h; path = "NSString+FontIcon.h"; sourceTree = "<group>"; };
		583B2CF51AC007A700311800 /* NSString+FontIcon.m */ = {isa = PBXFileReference; fileEncoding = 4; lastKnownFileType = sourcecode.c.objc; path = "NSString+FontIcon.m"; sourceTree = "<group>"; };
		583B2CF71AC007C600311800 /* UIButton+ACButton.h */ = {isa = PBXFileReference; fileEncoding = 4; lastKnownFileType = sourcecode.c.h; path = "UIButton+ACButton.h"; sourceTree = "<group>"; };
		583B2CF81AC007C600311800 /* UIButton+ACButton.m */ = {isa = PBXFileReference; fileEncoding = 4; lastKnownFileType = sourcecode.c.objc; path = "UIButton+ACButton.m"; sourceTree = "<group>"; };
		583B2CFA1AC0116E00311800 /* UILabel+ACLabel.h */ = {isa = PBXFileReference; fileEncoding = 4; lastKnownFileType = sourcecode.c.h; path = "UILabel+ACLabel.h"; sourceTree = "<group>"; };
		583B2CFB1AC0116E00311800 /* UILabel+ACLabel.m */ = {isa = PBXFileReference; fileEncoding = 4; lastKnownFileType = sourcecode.c.objc; path = "UILabel+ACLabel.m"; sourceTree = "<group>"; };
		583B2CFE1AC040B200311800 /* OpenSans-Bold.ttf */ = {isa = PBXFileReference; lastKnownFileType = file; path = "OpenSans-Bold.ttf"; sourceTree = "<group>"; };
		583B2CFF1AC040B200311800 /* OpenSans-BoldItalic.ttf */ = {isa = PBXFileReference; lastKnownFileType = file; path = "OpenSans-BoldItalic.ttf"; sourceTree = "<group>"; };
		583B2D001AC040B200311800 /* OpenSans-ExtraBold.ttf */ = {isa = PBXFileReference; lastKnownFileType = file; path = "OpenSans-ExtraBold.ttf"; sourceTree = "<group>"; };
		583B2D011AC040B200311800 /* OpenSans-ExtraBoldItalic.ttf */ = {isa = PBXFileReference; lastKnownFileType = file; path = "OpenSans-ExtraBoldItalic.ttf"; sourceTree = "<group>"; };
		583B2D021AC040B200311800 /* OpenSans-Italic.ttf */ = {isa = PBXFileReference; lastKnownFileType = file; path = "OpenSans-Italic.ttf"; sourceTree = "<group>"; };
		583B2D031AC040B200311800 /* OpenSans-Light.ttf */ = {isa = PBXFileReference; lastKnownFileType = file; path = "OpenSans-Light.ttf"; sourceTree = "<group>"; };
		583B2D041AC040B200311800 /* OpenSans-LightItalic.ttf */ = {isa = PBXFileReference; lastKnownFileType = file; path = "OpenSans-LightItalic.ttf"; sourceTree = "<group>"; };
		583B2D051AC040B200311800 /* OpenSans-Regular.ttf */ = {isa = PBXFileReference; lastKnownFileType = file; path = "OpenSans-Regular.ttf"; sourceTree = "<group>"; };
		583B2D061AC040B200311800 /* OpenSans-Semibold.ttf */ = {isa = PBXFileReference; lastKnownFileType = file; path = "OpenSans-Semibold.ttf"; sourceTree = "<group>"; };
		583B2D071AC040B200311800 /* OpenSans-SemiboldItalic.ttf */ = {isa = PBXFileReference; lastKnownFileType = file; path = "OpenSans-SemiboldItalic.ttf"; sourceTree = "<group>"; };
		583B2D121AC051BA00311800 /* CoreData.framework */ = {isa = PBXFileReference; lastKnownFileType = wrapper.framework; name = CoreData.framework; path = System/Library/Frameworks/CoreData.framework; sourceTree = SDKROOT; };
		583B2D151AC0528D00311800 /* Anna.xcdatamodel */ = {isa = PBXFileReference; lastKnownFileType = wrapper.xcdatamodel; path = Anna.xcdatamodel; sourceTree = "<group>"; };
		583B2D171AC094D400311800 /* ProjectController.h */ = {isa = PBXFileReference; fileEncoding = 4; lastKnownFileType = sourcecode.c.h; path = ProjectController.h; sourceTree = "<group>"; };
		583B2D181AC094D400311800 /* ProjectController.m */ = {isa = PBXFileReference; fileEncoding = 4; lastKnownFileType = sourcecode.c.objc; path = ProjectController.m; sourceTree = "<group>"; };
		583B2D1B1AC095F900311800 /* Environment.h */ = {isa = PBXFileReference; fileEncoding = 4; lastKnownFileType = sourcecode.c.h; path = Environment.h; sourceTree = "<group>"; };
		583B2D1C1AC095F900311800 /* Environment.m */ = {isa = PBXFileReference; fileEncoding = 4; lastKnownFileType = sourcecode.c.objc; path = Environment.m; sourceTree = "<group>"; };
		583B2D1E1AC0A54B00311800 /* Slider.h */ = {isa = PBXFileReference; fileEncoding = 4; lastKnownFileType = sourcecode.c.h; path = Slider.h; sourceTree = "<group>"; };
		583B2D1F1AC0A54B00311800 /* Slider.m */ = {isa = PBXFileReference; fileEncoding = 4; lastKnownFileType = sourcecode.c.objc; path = Slider.m; sourceTree = "<group>"; };
		583B2D211AC0A54B00311800 /* Project.h */ = {isa = PBXFileReference; fileEncoding = 4; lastKnownFileType = sourcecode.c.h; path = Project.h; sourceTree = "<group>"; };
		583B2D221AC0A54B00311800 /* Project.m */ = {isa = PBXFileReference; fileEncoding = 4; lastKnownFileType = sourcecode.c.objc; path = Project.m; sourceTree = "<group>"; };
		583B2D241AC0A54B00311800 /* MessageCode.h */ = {isa = PBXFileReference; fileEncoding = 4; lastKnownFileType = sourcecode.c.h; path = MessageCode.h; sourceTree = "<group>"; };
		583B2D251AC0A54B00311800 /* MessageCode.m */ = {isa = PBXFileReference; fileEncoding = 4; lastKnownFileType = sourcecode.c.objc; path = MessageCode.m; sourceTree = "<group>"; };
		583B2D271AC0A54C00311800 /* Caption.h */ = {isa = PBXFileReference; fileEncoding = 4; lastKnownFileType = sourcecode.c.h; path = Caption.h; sourceTree = "<group>"; };
		583B2D281AC0A54C00311800 /* Caption.m */ = {isa = PBXFileReference; fileEncoding = 4; lastKnownFileType = sourcecode.c.objc; path = Caption.m; sourceTree = "<group>"; };
		583B2D2A1AC0A54C00311800 /* Image.h */ = {isa = PBXFileReference; fileEncoding = 4; lastKnownFileType = sourcecode.c.h; path = Image.h; sourceTree = "<group>"; };
		583B2D2B1AC0A54C00311800 /* Image.m */ = {isa = PBXFileReference; fileEncoding = 4; lastKnownFileType = sourcecode.c.objc; path = Image.m; sourceTree = "<group>"; };
		583B2D2D1AC0A54C00311800 /* Video.h */ = {isa = PBXFileReference; fileEncoding = 4; lastKnownFileType = sourcecode.c.h; path = Video.h; sourceTree = "<group>"; };
		583B2D2E1AC0A54C00311800 /* Video.m */ = {isa = PBXFileReference; fileEncoding = 4; lastKnownFileType = sourcecode.c.objc; path = Video.m; sourceTree = "<group>"; };
		583B2D301AC1972100311800 /* NSString+MessageCode.h */ = {isa = PBXFileReference; fileEncoding = 4; lastKnownFileType = sourcecode.c.h; path = "NSString+MessageCode.h"; sourceTree = "<group>"; };
		583B2D311AC1972100311800 /* NSString+MessageCode.m */ = {isa = PBXFileReference; fileEncoding = 4; lastKnownFileType = sourcecode.c.objc; path = "NSString+MessageCode.m"; sourceTree = "<group>"; };
		583B2D331AC2096A00311800 /* ImageController.h */ = {isa = PBXFileReference; fileEncoding = 4; lastKnownFileType = sourcecode.c.h; path = ImageController.h; sourceTree = "<group>"; };
		583B2D341AC2096A00311800 /* ImageController.m */ = {isa = PBXFileReference; fileEncoding = 4; lastKnownFileType = sourcecode.c.objc; path = ImageController.m; sourceTree = "<group>"; };
		5867A5221AC2B559009E5439 /* LaunchScreen.xib */ = {isa = PBXFileReference; fileEncoding = 4; lastKnownFileType = file.xib; path = LaunchScreen.xib; sourceTree = "<group>"; };
		586A6C341A5EA07300744871 /* ListViewController.h */ = {isa = PBXFileReference; fileEncoding = 4; lastKnownFileType = sourcecode.c.h; path = ListViewController.h; sourceTree = "<group>"; };
		586A6C351A5EA07300744871 /* ListViewController.m */ = {isa = PBXFileReference; fileEncoding = 4; lastKnownFileType = sourcecode.c.objc; path = ListViewController.m; sourceTree = "<group>"; };
		586A6C371A5EDA1000744871 /* ProjectTableViewCell.h */ = {isa = PBXFileReference; fileEncoding = 4; lastKnownFileType = sourcecode.c.h; path = ProjectTableViewCell.h; sourceTree = "<group>"; };
		586A6C381A5EDA1000744871 /* ProjectTableViewCell.m */ = {isa = PBXFileReference; fileEncoding = 4; lastKnownFileType = sourcecode.c.objc; path = ProjectTableViewCell.m; sourceTree = "<group>"; };
		588E84431A5C9B3700A8347D /* NSString+Encoded.h */ = {isa = PBXFileReference; fileEncoding = 4; lastKnownFileType = sourcecode.c.h; path = "NSString+Encoded.h"; sourceTree = "<group>"; };
		588E84441A5C9B3700A8347D /* NSString+Encoded.m */ = {isa = PBXFileReference; fileEncoding = 4; lastKnownFileType = sourcecode.c.objc; path = "NSString+Encoded.m"; sourceTree = "<group>"; };
		58D1E18E1A44448C00C5116A /* UIView+Autolayout.h */ = {isa = PBXFileReference; fileEncoding = 4; lastKnownFileType = sourcecode.c.h; path = "UIView+Autolayout.h"; sourceTree = "<group>"; };
		58D1E18F1A44448C00C5116A /* UIView+Autolayout.m */ = {isa = PBXFileReference; fileEncoding = 4; lastKnownFileType = sourcecode.c.objc; path = "UIView+Autolayout.m"; sourceTree = "<group>"; };
		58E5AF851A405DEA00B1703A /* Anna Christoffer.app */ = {isa = PBXFileReference; explicitFileType = wrapper.application; includeInIndex = 0; path = "Anna Christoffer.app"; sourceTree = BUILT_PRODUCTS_DIR; };
		58E5AF891A405DEA00B1703A /* Info.plist */ = {isa = PBXFileReference; lastKnownFileType = text.plist.xml; path = Info.plist; sourceTree = "<group>"; };
		58E5AF8A1A405DEA00B1703A /* main.m */ = {isa = PBXFileReference; lastKnownFileType = sourcecode.c.objc; path = main.m; sourceTree = "<group>"; };
		58E5AF8C1A405DEA00B1703A /* AppDelegate.h */ = {isa = PBXFileReference; lastKnownFileType = sourcecode.c.h; path = AppDelegate.h; sourceTree = "<group>"; };
		58E5AF8D1A405DEA00B1703A /* AppDelegate.m */ = {isa = PBXFileReference; lastKnownFileType = sourcecode.c.objc; path = AppDelegate.m; sourceTree = "<group>"; };
		58E5AF951A405DEA00B1703A /* Images.xcassets */ = {isa = PBXFileReference; lastKnownFileType = folder.assetcatalog; path = Images.xcassets; sourceTree = "<group>"; };
		58E5AF9E1A405DEB00B1703A /* Anna ChristofferTests.xctest */ = {isa = PBXFileReference; explicitFileType = wrapper.cfbundle; includeInIndex = 0; path = "Anna ChristofferTests.xctest"; sourceTree = BUILT_PRODUCTS_DIR; };
		58E5AFA31A405DEB00B1703A /* Info.plist */ = {isa = PBXFileReference; lastKnownFileType = text.plist.xml; path = Info.plist; sourceTree = "<group>"; };
		58E5AFA41A405DEB00B1703A /* Anna_ChristofferTests.m */ = {isa = PBXFileReference; lastKnownFileType = sourcecode.c.objc; path = Anna_ChristofferTests.m; sourceTree = "<group>"; };
		58E5AFB51A4060B400B1703A /* DetailViewController.h */ = {isa = PBXFileReference; fileEncoding = 4; lastKnownFileType = sourcecode.c.h; path = DetailViewController.h; sourceTree = "<group>"; };
		58E5AFB61A4060B400B1703A /* DetailViewController.m */ = {isa = PBXFileReference; fileEncoding = 4; lastKnownFileType = sourcecode.c.objc; path = DetailViewController.m; sourceTree = "<group>"; };
		58E5AFD11A42C84E00B1703A /* Default-568h@2x.png */ = {isa = PBXFileReference; lastKnownFileType = image.png; name = "Default-568h@2x.png"; path = "../Default-568h@2x.png"; sourceTree = "<group>"; };
		58E5AFD31A42C8AF00B1703A /* Default@2x.png */ = {isa = PBXFileReference; lastKnownFileType = image.png; name = "Default@2x.png"; path = "../Default@2x.png"; sourceTree = "<group>"; };
		58E5AFD81A4305FA00B1703A /* TitleLabel.h */ = {isa = PBXFileReference; fileEncoding = 4; lastKnownFileType = sourcecode.c.h; path = TitleLabel.h; sourceTree = "<group>"; };
		58E5AFD91A4305FA00B1703A /* TitleLabel.m */ = {isa = PBXFileReference; fileEncoding = 4; lastKnownFileType = sourcecode.c.objc; path = TitleLabel.m; sourceTree = "<group>"; };
		58E5AFDB1A431B5200B1703A /* AbstractViewController.h */ = {isa = PBXFileReference; fileEncoding = 4; lastKnownFileType = sourcecode.c.h; path = AbstractViewController.h; sourceTree = "<group>"; };
		58E5AFDC1A431B5200B1703A /* AbstractViewController.m */ = {isa = PBXFileReference; fileEncoding = 4; lastKnownFileType = sourcecode.c.objc; path = AbstractViewController.m; sourceTree = "<group>"; };
		58E5AFEC1A434A2B00B1703A /* FigCaptionView.h */ = {isa = PBXFileReference; fileEncoding = 4; lastKnownFileType = sourcecode.c.h; path = FigCaptionView.h; sourceTree = "<group>"; };
		58E5AFED1A434A2B00B1703A /* FigCaptionView.m */ = {isa = PBXFileReference; fileEncoding = 4; lastKnownFileType = sourcecode.c.objc; path = FigCaptionView.m; sourceTree = "<group>"; };
		58F1AE8A1A5D47A400B3FB3A /* anna.ttf */ = {isa = PBXFileReference; lastKnownFileType = file; path = anna.ttf; sourceTree = "<group>"; };
/* End PBXFileReference section */

/* Begin PBXFrameworksBuildPhase section */
		58E5AF821A405DEA00B1703A /* Frameworks */ = {
			isa = PBXFrameworksBuildPhase;
			buildActionMask = 2147483647;
			files = (
				583B2D131AC051BA00311800 /* CoreData.framework in Frameworks */,
			);
			runOnlyForDeploymentPostprocessing = 0;
		};
		58E5AF9B1A405DEB00B1703A /* Frameworks */ = {
			isa = PBXFrameworksBuildPhase;
			buildActionMask = 2147483647;
			files = (
			);
			runOnlyForDeploymentPostprocessing = 0;
		};
/* End PBXFrameworksBuildPhase section */

/* Begin PBXGroup section */
		583B2CF21AC0075300311800 /* Resources */ = {
			isa = PBXGroup;
			children = (
				583B2CF31AC0076400311800 /* Fonts */,
			);
			name = Resources;
			sourceTree = "<group>";
		};
		583B2CF31AC0076400311800 /* Fonts */ = {
			isa = PBXGroup;
			children = (
				583B2CFE1AC040B200311800 /* OpenSans-Bold.ttf */,
				583B2CFF1AC040B200311800 /* OpenSans-BoldItalic.ttf */,
				583B2D001AC040B200311800 /* OpenSans-ExtraBold.ttf */,
				583B2D011AC040B200311800 /* OpenSans-ExtraBoldItalic.ttf */,
				583B2D021AC040B200311800 /* OpenSans-Italic.ttf */,
				583B2D031AC040B200311800 /* OpenSans-Light.ttf */,
				583B2D041AC040B200311800 /* OpenSans-LightItalic.ttf */,
				583B2D051AC040B200311800 /* OpenSans-Regular.ttf */,
				583B2D061AC040B200311800 /* OpenSans-Semibold.ttf */,
				583B2D071AC040B200311800 /* OpenSans-SemiboldItalic.ttf */,
				58F1AE8A1A5D47A400B3FB3A /* anna.ttf */,
			);
			name = Fonts;
			sourceTree = "<group>";
		};
		583B2D1A1AC095E700311800 /* Utils */ = {
			isa = PBXGroup;
			children = (
				583B2D1B1AC095F900311800 /* Environment.h */,
				583B2D1C1AC095F900311800 /* Environment.m */,
			);
			name = Utils;
			sourceTree = "<group>";
		};
		58D1E18D1A4443FD00C5116A /* Categories */ = {
			isa = PBXGroup;
			children = (
				58D1E18E1A44448C00C5116A /* UIView+Autolayout.h */,
				58D1E18F1A44448C00C5116A /* UIView+Autolayout.m */,
				588E84431A5C9B3700A8347D /* NSString+Encoded.h */,
				588E84441A5C9B3700A8347D /* NSString+Encoded.m */,
				583B2CEF1ABFFFBE00311800 /* UIColor+ACColor.h */,
				583B2CF01ABFFFBE00311800 /* UIColor+ACColor.m */,
				583B2CF41AC007A700311800 /* NSString+FontIcon.h */,
				583B2CF51AC007A700311800 /* NSString+FontIcon.m */,
				583B2CF71AC007C600311800 /* UIButton+ACButton.h */,
				583B2CF81AC007C600311800 /* UIButton+ACButton.m */,
				583B2CFA1AC0116E00311800 /* UILabel+ACLabel.h */,
				583B2CFB1AC0116E00311800 /* UILabel+ACLabel.m */,
				583B2D301AC1972100311800 /* NSString+MessageCode.h */,
				583B2D311AC1972100311800 /* NSString+MessageCode.m */,
			);
			name = Categories;
			path = ..;
			sourceTree = "<group>";
		};
		58E5AF7C1A405DEA00B1703A = {
			isa = PBXGroup;
			children = (
				583B2D141AC0528D00311800 /* Anna.xcdatamodeld */,
				583B2D121AC051BA00311800 /* CoreData.framework */,
				58E5AF871A405DEA00B1703A /* Anna Christoffer */,
				58E5AFA11A405DEB00B1703A /* Anna ChristofferTests */,
				58E5AF861A405DEA00B1703A /* Products */,
			);
			sourceTree = "<group>";
		};
		58E5AF861A405DEA00B1703A /* Products */ = {
			isa = PBXGroup;
			children = (
				58E5AF851A405DEA00B1703A /* Anna Christoffer.app */,
				58E5AF9E1A405DEB00B1703A /* Anna ChristofferTests.xctest */,
			);
			name = Products;
			sourceTree = "<group>";
		};
		58E5AF871A405DEA00B1703A /* Anna Christoffer */ = {
			isa = PBXGroup;
			children = (
				583B2D1A1AC095E700311800 /* Utils */,
				583B2CF21AC0075300311800 /* Resources */,
				58D1E18D1A4443FD00C5116A /* Categories */,
				58E5AFD31A42C8AF00B1703A /* Default@2x.png */,
				58E5AFD11A42C84E00B1703A /* Default-568h@2x.png */,
				58E5AFB11A405FD700B1703A /* ManagedObjectModels */,
				58E5AFB01A405FD300B1703A /* Controllers */,
				58E5AFAF1A405FCE00B1703A /* Views */,
				58E5AFAE1A405FC000B1703A /* ViewControllers */,
				583B2CEC1ABF377700311800 /* ACNavigationController.h */,
				583B2CED1ABF377700311800 /* ACNavigationController.m */,
				58E5AF8C1A405DEA00B1703A /* AppDelegate.h */,
				58E5AF8D1A405DEA00B1703A /* AppDelegate.m */,
				58E5AF951A405DEA00B1703A /* Images.xcassets */,
				58E5AF881A405DEA00B1703A /* Supporting Files */,
				5867A5221AC2B559009E5439 /* LaunchScreen.xib */,
			);
			path = "Anna Christoffer";
			sourceTree = "<group>";
		};
		58E5AF881A405DEA00B1703A /* Supporting Files */ = {
			isa = PBXGroup;
			children = (
				58E5AF891A405DEA00B1703A /* Info.plist */,
				58E5AF8A1A405DEA00B1703A /* main.m */,
			);
			name = "Supporting Files";
			sourceTree = "<group>";
		};
		58E5AFA11A405DEB00B1703A /* Anna ChristofferTests */ = {
			isa = PBXGroup;
			children = (
				58E5AFA41A405DEB00B1703A /* Anna_ChristofferTests.m */,
				58E5AFA21A405DEB00B1703A /* Supporting Files */,
			);
			path = "Anna ChristofferTests";
			sourceTree = "<group>";
		};
		58E5AFA21A405DEB00B1703A /* Supporting Files */ = {
			isa = PBXGroup;
			children = (
				58E5AFA31A405DEB00B1703A /* Info.plist */,
			);
			name = "Supporting Files";
			sourceTree = "<group>";
		};
		58E5AFAE1A405FC000B1703A /* ViewControllers */ = {
			isa = PBXGroup;
			children = (
				58E5AFB51A4060B400B1703A /* DetailViewController.h */,
				58E5AFB61A4060B400B1703A /* DetailViewController.m */,
				58E5AFDB1A431B5200B1703A /* AbstractViewController.h */,
				58E5AFDC1A431B5200B1703A /* AbstractViewController.m */,
				586A6C341A5EA07300744871 /* ListViewController.h */,
				586A6C351A5EA07300744871 /* ListViewController.m */,
			);
			name = ViewControllers;
			path = ..;
			sourceTree = "<group>";
		};
		58E5AFAF1A405FCE00B1703A /* Views */ = {
			isa = PBXGroup;
			children = (
				58E5AFD81A4305FA00B1703A /* TitleLabel.h */,
				58E5AFD91A4305FA00B1703A /* TitleLabel.m */,
				58E5AFEC1A434A2B00B1703A /* FigCaptionView.h */,
				58E5AFED1A434A2B00B1703A /* FigCaptionView.m */,
				586A6C371A5EDA1000744871 /* ProjectTableViewCell.h */,
				586A6C381A5EDA1000744871 /* ProjectTableViewCell.m */,
			);
			name = Views;
			path = ..;
			sourceTree = "<group>";
		};
		58E5AFB01A405FD300B1703A /* Controllers */ = {
			isa = PBXGroup;
			children = (
				583B2D171AC094D400311800 /* ProjectController.h */,
				583B2D181AC094D400311800 /* ProjectController.m */,
				583B2D331AC2096A00311800 /* ImageController.h */,
				583B2D341AC2096A00311800 /* ImageController.m */,
			);
			name = Controllers;
			path = ..;
			sourceTree = "<group>";
		};
		58E5AFB11A405FD700B1703A /* ManagedObjectModels */ = {
			isa = PBXGroup;
			children = (
				583B2D2D1AC0A54C00311800 /* Video.h */,
				583B2D2E1AC0A54C00311800 /* Video.m */,
				583B2D2A1AC0A54C00311800 /* Image.h */,
				583B2D2B1AC0A54C00311800 /* Image.m */,
				583B2D271AC0A54C00311800 /* Caption.h */,
				583B2D281AC0A54C00311800 /* Caption.m */,
				583B2D241AC0A54B00311800 /* MessageCode.h */,
				583B2D251AC0A54B00311800 /* MessageCode.m */,
				583B2D211AC0A54B00311800 /* Project.h */,
				583B2D221AC0A54B00311800 /* Project.m */,
				583B2D1E1AC0A54B00311800 /* Slider.h */,
				583B2D1F1AC0A54B00311800 /* Slider.m */,
			);
			name = ManagedObjectModels;
			path = ..;
			sourceTree = "<group>";
		};
/* End PBXGroup section */

/* Begin PBXNativeTarget section */
		58E5AF841A405DEA00B1703A /* Anna Christoffer */ = {
			isa = PBXNativeTarget;
			buildConfigurationList = 58E5AFA81A405DEB00B1703A /* Build configuration list for PBXNativeTarget "Anna Christoffer" */;
			buildPhases = (
				58E5AF811A405DEA00B1703A /* Sources */,
				58E5AF821A405DEA00B1703A /* Frameworks */,
				58E5AF831A405DEA00B1703A /* Resources */,
			);
			buildRules = (
			);
			dependencies = (
			);
			name = "Anna Christoffer";
			productName = "Anna Christoffer";
			productReference = 58E5AF851A405DEA00B1703A /* Anna Christoffer.app */;
			productType = "com.apple.product-type.application";
		};
		58E5AF9D1A405DEB00B1703A /* Anna ChristofferTests */ = {
			isa = PBXNativeTarget;
			buildConfigurationList = 58E5AFAB1A405DEB00B1703A /* Build configuration list for PBXNativeTarget "Anna ChristofferTests" */;
			buildPhases = (
				58E5AF9A1A405DEB00B1703A /* Sources */,
				58E5AF9B1A405DEB00B1703A /* Frameworks */,
				58E5AF9C1A405DEB00B1703A /* Resources */,
			);
			buildRules = (
			);
			dependencies = (
				58E5AFA01A405DEB00B1703A /* PBXTargetDependency */,
			);
			name = "Anna ChristofferTests";
			productName = "Anna ChristofferTests";
			productReference = 58E5AF9E1A405DEB00B1703A /* Anna ChristofferTests.xctest */;
			productType = "com.apple.product-type.bundle.unit-test";
		};
/* End PBXNativeTarget section */

/* Begin PBXProject section */
		58E5AF7D1A405DEA00B1703A /* Project object */ = {
			isa = PBXProject;
			attributes = {
				LastUpgradeCheck = 0600;
				ORGANIZATIONNAME = "Anna Christoffer";
				TargetAttributes = {
					58E5AF841A405DEA00B1703A = {
						CreatedOnToolsVersion = 6.0;
						SystemCapabilities = {
							com.apple.Maps.iOS = {
								enabled = 0;
							};
						};
					};
					58E5AF9D1A405DEB00B1703A = {
						CreatedOnToolsVersion = 6.0;
						TestTargetID = 58E5AF841A405DEA00B1703A;
					};
				};
			};
			buildConfigurationList = 58E5AF801A405DEA00B1703A /* Build configuration list for PBXProject "Anna Christoffer" */;
			compatibilityVersion = "Xcode 3.2";
			developmentRegion = English;
			hasScannedForEncodings = 0;
			knownRegions = (
				en,
				Base,
			);
			mainGroup = 58E5AF7C1A405DEA00B1703A;
			productRefGroup = 58E5AF861A405DEA00B1703A /* Products */;
			projectDirPath = "";
			projectRoot = "";
			targets = (
				58E5AF841A405DEA00B1703A /* Anna Christoffer */,
				58E5AF9D1A405DEB00B1703A /* Anna ChristofferTests */,
			);
		};
/* End PBXProject section */

/* Begin PBXResourcesBuildPhase section */
		58E5AF831A405DEA00B1703A /* Resources */ = {
			isa = PBXResourcesBuildPhase;
			buildActionMask = 2147483647;
			files = (
				583B2D0C1AC040B200311800 /* OpenSans-Italic.ttf in Resources */,
				583B2D091AC040B200311800 /* OpenSans-BoldItalic.ttf in Resources */,
				583B2CFD1AC019D300311800 /* anna.ttf in Resources */,
				583B2D101AC040B200311800 /* OpenSans-Semibold.ttf in Resources */,
				583B2D0A1AC040B200311800 /* OpenSans-ExtraBold.ttf in Resources */,
				58E5AFD41A42C8AF00B1703A /* Default@2x.png in Resources */,
				583B2D0E1AC040B200311800 /* OpenSans-LightItalic.ttf in Resources */,
				58E5AF961A405DEA00B1703A /* Images.xcassets in Resources */,
				583B2D081AC040B200311800 /* OpenSans-Bold.ttf in Resources */,
				58E5AFD21A42C84E00B1703A /* Default-568h@2x.png in Resources */,
				5867A5231AC2B559009E5439 /* LaunchScreen.xib in Resources */,
				583B2D111AC040B200311800 /* OpenSans-SemiboldItalic.ttf in Resources */,
				583B2D0D1AC040B200311800 /* OpenSans-Light.ttf in Resources */,
				583B2D0F1AC040B200311800 /* OpenSans-Regular.ttf in Resources */,
				583B2D0B1AC040B200311800 /* OpenSans-ExtraBoldItalic.ttf in Resources */,
			);
			runOnlyForDeploymentPostprocessing = 0;
		};
		58E5AF9C1A405DEB00B1703A /* Resources */ = {
			isa = PBXResourcesBuildPhase;
			buildActionMask = 2147483647;
			files = (
			);
			runOnlyForDeploymentPostprocessing = 0;
		};
/* End PBXResourcesBuildPhase section */

/* Begin PBXSourcesBuildPhase section */
		58E5AF811A405DEA00B1703A /* Sources */ = {
			isa = PBXSourcesBuildPhase;
			buildActionMask = 2147483647;
			files = (
				583B2CF11ABFFFBE00311800 /* UIColor+ACColor.m in Sources */,
				583B2D351AC2096A00311800 /* ImageController.m in Sources */,
				588E84451A5C9B3700A8347D /* NSString+Encoded.m in Sources */,
				58D1E1901A44448C00C5116A /* UIView+Autolayout.m in Sources */,
				583B2D231AC0A54B00311800 /* Project.m in Sources */,
				586A6C361A5EA07300744871 /* ListViewController.m in Sources */,
				58E5AFB71A4060B400B1703A /* DetailViewController.m in Sources */,
				583B2D1D1AC095F900311800 /* Environment.m in Sources */,
				58E5AF8E1A405DEA00B1703A /* AppDelegate.m in Sources */,
				58E5AFDA1A4305FA00B1703A /* TitleLabel.m in Sources */,
				583B2D2F1AC0A54C00311800 /* Video.m in Sources */,
				583B2D161AC0528D00311800 /* Anna.xcdatamodeld in Sources */,
				583B2D321AC1972100311800 /* NSString+MessageCode.m in Sources */,
				583B2D2C1AC0A54C00311800 /* Image.m in Sources */,
				583B2D201AC0A54B00311800 /* Slider.m in Sources */,
				58E5AF8B1A405DEA00B1703A /* main.m in Sources */,
				583B2D261AC0A54B00311800 /* MessageCode.m in Sources */,
				583B2D191AC094D400311800 /* ProjectController.m in Sources */,
				583B2CF61AC007A700311800 /* NSString+FontIcon.m in Sources */,
				583B2CFC1AC0116E00311800 /* UILabel+ACLabel.m in Sources */,
				583B2CEE1ABF377700311800 /* ACNavigationController.m in Sources */,
				58E5AFEE1A434A2B00B1703A /* FigCaptionView.m in Sources */,
				58E5AFDD1A431B5200B1703A /* AbstractViewController.m in Sources */,
				586A6C391A5EDA1000744871 /* ProjectTableViewCell.m in Sources */,
				583B2D291AC0A54C00311800 /* Caption.m in Sources */,
				583B2CF91AC007C600311800 /* UIButton+ACButton.m in Sources */,
			);
			runOnlyForDeploymentPostprocessing = 0;
		};
		58E5AF9A1A405DEB00B1703A /* Sources */ = {
			isa = PBXSourcesBuildPhase;
			buildActionMask = 2147483647;
			files = (
				58E5AFA51A405DEB00B1703A /* Anna_ChristofferTests.m in Sources */,
			);
			runOnlyForDeploymentPostprocessing = 0;
		};
/* End PBXSourcesBuildPhase section */

/* Begin PBXTargetDependency section */
		58E5AFA01A405DEB00B1703A /* PBXTargetDependency */ = {
			isa = PBXTargetDependency;
			target = 58E5AF841A405DEA00B1703A /* Anna Christoffer */;
			targetProxy = 58E5AF9F1A405DEB00B1703A /* PBXContainerItemProxy */;
		};
/* End PBXTargetDependency section */

/* Begin XCBuildConfiguration section */
		58E5AFA61A405DEB00B1703A /* Debug */ = {
			isa = XCBuildConfiguration;
			buildSettings = {
				ALWAYS_SEARCH_USER_PATHS = NO;
				CLANG_CXX_LANGUAGE_STANDARD = "gnu++0x";
				CLANG_CXX_LIBRARY = "libc++";
				CLANG_ENABLE_MODULES = YES;
				CLANG_ENABLE_OBJC_ARC = YES;
				CLANG_WARN_BOOL_CONVERSION = YES;
				CLANG_WARN_CONSTANT_CONVERSION = YES;
				CLANG_WARN_DIRECT_OBJC_ISA_USAGE = YES_ERROR;
				CLANG_WARN_EMPTY_BODY = YES;
				CLANG_WARN_ENUM_CONVERSION = YES;
				CLANG_WARN_INT_CONVERSION = YES;
				CLANG_WARN_OBJC_ROOT_CLASS = YES_ERROR;
				CLANG_WARN_UNREACHABLE_CODE = YES;
				CLANG_WARN__DUPLICATE_METHOD_MATCH = YES;
				"CODE_SIGN_IDENTITY[sdk=iphoneos*]" = "iPhone Developer";
				COPY_PHASE_STRIP = NO;
				ENABLE_STRICT_OBJC_MSGSEND = YES;
				GCC_C_LANGUAGE_STANDARD = gnu99;
				GCC_DYNAMIC_NO_PIC = NO;
				GCC_OPTIMIZATION_LEVEL = 0;
				GCC_PREPROCESSOR_DEFINITIONS = (
					"DEBUG=1",
					"$(inherited)",
				);
				GCC_SYMBOLS_PRIVATE_EXTERN = NO;
				GCC_WARN_64_TO_32_BIT_CONVERSION = YES;
				GCC_WARN_ABOUT_RETURN_TYPE = YES_ERROR;
				GCC_WARN_UNDECLARED_SELECTOR = YES;
				GCC_WARN_UNINITIALIZED_AUTOS = YES_AGGRESSIVE;
				GCC_WARN_UNUSED_FUNCTION = YES;
				GCC_WARN_UNUSED_VARIABLE = YES;
				IPHONEOS_DEPLOYMENT_TARGET = 8.0;
				MTL_ENABLE_DEBUG_INFO = YES;
				ONLY_ACTIVE_ARCH = YES;
				SDKROOT = iphoneos;
			};
			name = Debug;
		};
		58E5AFA71A405DEB00B1703A /* Release */ = {
			isa = XCBuildConfiguration;
			buildSettings = {
				ALWAYS_SEARCH_USER_PATHS = NO;
				CLANG_CXX_LANGUAGE_STANDARD = "gnu++0x";
				CLANG_CXX_LIBRARY = "libc++";
				CLANG_ENABLE_MODULES = YES;
				CLANG_ENABLE_OBJC_ARC = YES;
				CLANG_WARN_BOOL_CONVERSION = YES;
				CLANG_WARN_CONSTANT_CONVERSION = YES;
				CLANG_WARN_DIRECT_OBJC_ISA_USAGE = YES_ERROR;
				CLANG_WARN_EMPTY_BODY = YES;
				CLANG_WARN_ENUM_CONVERSION = YES;
				CLANG_WARN_INT_CONVERSION = YES;
				CLANG_WARN_OBJC_ROOT_CLASS = YES_ERROR;
				CLANG_WARN_UNREACHABLE_CODE = YES;
				CLANG_WARN__DUPLICATE_METHOD_MATCH = YES;
				"CODE_SIGN_IDENTITY[sdk=iphoneos*]" = "iPhone Developer";
				COPY_PHASE_STRIP = YES;
				ENABLE_NS_ASSERTIONS = NO;
				ENABLE_STRICT_OBJC_MSGSEND = YES;
				GCC_C_LANGUAGE_STANDARD = gnu99;
				GCC_WARN_64_TO_32_BIT_CONVERSION = YES;
				GCC_WARN_ABOUT_RETURN_TYPE = YES_ERROR;
				GCC_WARN_UNDECLARED_SELECTOR = YES;
				GCC_WARN_UNINITIALIZED_AUTOS = YES_AGGRESSIVE;
				GCC_WARN_UNUSED_FUNCTION = YES;
				GCC_WARN_UNUSED_VARIABLE = YES;
				IPHONEOS_DEPLOYMENT_TARGET = 8.0;
				MTL_ENABLE_DEBUG_INFO = NO;
				SDKROOT = iphoneos;
				VALIDATE_PRODUCT = YES;
			};
			name = Release;
		};
		58E5AFA91A405DEB00B1703A /* Debug */ = {
			isa = XCBuildConfiguration;
			buildSettings = {
				ASSETCATALOG_COMPILER_APPICON_NAME = AppIcon;
				ASSETCATALOG_COMPILER_LAUNCHIMAGE_NAME = LaunchImage;
				INFOPLIST_FILE = "Anna Christoffer/Info.plist";
				IPHONEOS_DEPLOYMENT_TARGET = 7.0;
				LD_RUNPATH_SEARCH_PATHS = "$(inherited) @executable_path/Frameworks";
				PRODUCT_NAME = "$(TARGET_NAME)";
			};
			name = Debug;
		};
		58E5AFAA1A405DEB00B1703A /* Release */ = {
			isa = XCBuildConfiguration;
			buildSettings = {
				ASSETCATALOG_COMPILER_APPICON_NAME = AppIcon;
				ASSETCATALOG_COMPILER_LAUNCHIMAGE_NAME = LaunchImage;
				INFOPLIST_FILE = "Anna Christoffer/Info.plist";
				IPHONEOS_DEPLOYMENT_TARGET = 7.0;
				LD_RUNPATH_SEARCH_PATHS = "$(inherited) @executable_path/Frameworks";
				PRODUCT_NAME = "$(TARGET_NAME)";
			};
			name = Release;
		};
		58E5AFAC1A405DEB00B1703A /* Debug */ = {
			isa = XCBuildConfiguration;
			buildSettings = {
				BUNDLE_LOADER = "$(TEST_HOST)";
				FRAMEWORK_SEARCH_PATHS = (
					"$(SDKROOT)/Developer/Library/Frameworks",
					"$(inherited)",
				);
				GCC_PREPROCESSOR_DEFINITIONS = (
					"DEBUG=1",
					"$(inherited)",
				);
				INFOPLIST_FILE = "Anna ChristofferTests/Info.plist";
				LD_RUNPATH_SEARCH_PATHS = "$(inherited) @executable_path/Frameworks @loader_path/Frameworks";
				PRODUCT_NAME = "$(TARGET_NAME)";
				TEST_HOST = "$(BUILT_PRODUCTS_DIR)/Anna Christoffer.app/Anna Christoffer";
			};
			name = Debug;
		};
		58E5AFAD1A405DEB00B1703A /* Release */ = {
			isa = XCBuildConfiguration;
			buildSettings = {
				BUNDLE_LOADER = "$(TEST_HOST)";
				FRAMEWORK_SEARCH_PATHS = (
					"$(SDKROOT)/Developer/Library/Frameworks",
					"$(inherited)",
				);
				INFOPLIST_FILE = "Anna ChristofferTests/Info.plist";
				LD_RUNPATH_SEARCH_PATHS = "$(inherited) @executable_path/Frameworks @loader_path/Frameworks";
				PRODUCT_NAME = "$(TARGET_NAME)";
				TEST_HOST = "$(BUILT_PRODUCTS_DIR)/Anna Christoffer.app/Anna Christoffer";
			};
			name = Release;
		};
/* End XCBuildConfiguration section */

/* Begin XCConfigurationList section */
		58E5AF801A405DEA00B1703A /* Build configuration list for PBXProject "Anna Christoffer" */ = {
			isa = XCConfigurationList;
			buildConfigurations = (
				58E5AFA61A405DEB00B1703A /* Debug */,
				58E5AFA71A405DEB00B1703A /* Release */,
			);
			defaultConfigurationIsVisible = 0;
			defaultConfigurationName = Release;
		};
		58E5AFA81A405DEB00B1703A /* Build configuration list for PBXNativeTarget "Anna Christoffer" */ = {
			isa = XCConfigurationList;
			buildConfigurations = (
				58E5AFA91A405DEB00B1703A /* Debug */,
				58E5AFAA1A405DEB00B1703A /* Release */,
			);
			defaultConfigurationIsVisible = 0;
			defaultConfigurationName = Release;
		};
		58E5AFAB1A405DEB00B1703A /* Build configuration list for PBXNativeTarget "Anna ChristofferTests" */ = {
			isa = XCConfigurationList;
			buildConfigurations = (
				58E5AFAC1A405DEB00B1703A /* Debug */,
				58E5AFAD1A405DEB00B1703A /* Release */,
			);
			defaultConfigurationIsVisible = 0;
			defaultConfigurationName = Release;
		};
/* End XCConfigurationList section */

/* Begin XCVersionGroup section */
		583B2D141AC0528D00311800 /* Anna.xcdatamodeld */ = {
			isa = XCVersionGroup;
			children = (
				583B2D151AC0528D00311800 /* Anna.xcdatamodel */,
			);
			currentVersion = 583B2D151AC0528D00311800 /* Anna.xcdatamodel */;
			path = Anna.xcdatamodeld;
			sourceTree = "<group>";
			versionGroupType = wrapper.xcdatamodel;
		};
/* End XCVersionGroup section */
	};
	rootObject = 58E5AF7D1A405DEA00B1703A /* Project object */;
}
